# @generated by Move, please check-in and do not edit manually.

[move]
version = 3
manifest_digest = "B56DBA4817E962DA275A0B32851CEA3ADC5E51015ED44D8249FEEF6BE4C476B4"
deps_digest = "F8BBB0CCB2491CA29A3DF03D6F92277A4F3574266507ACD77214D37ECA3F3082"
dependencies = [
  { id = "Sui", name = "Sui" },
]

[[move.package]]
id = "MoveStdlib"
source = { git = "https://github.com/MystenLabs/sui.git", rev = "framework/testnet", subdir = "crates\\sui-framework\\packages\\move-stdlib" }

[[move.package]]
id = "Sui"
source = { git = "https://github.com/MystenLabs/sui.git", rev = "framework/testnet", subdir = "crates/sui-framework/packages/sui-framework" }

dependencies = [
  { id = "MoveStdlib", name = "MoveStdlib" },
]

[move.toolchain-version]
compiler-version = "1.44.2"
edition = "2024.beta"
flavor = "sui"

[env]

[env.testnet]
chain-id = "4c78adac"
original-published-id = "0xf4e184f6f98d5468ca6e8e6a714814349f60cb9de376ad79e218ec01d3cb7e4c"
latest-published-id = "0xf4e184f6f98d5468ca6e8e6a714814349f60cb9de376ad79e218ec01d3cb7e4c"
published-version = "1"
