# @generated by Move, please check-in and do not edit manually.

[move]
version = 3
manifest_digest = "F12587FA6D8CBF3B1BB22304B9435E2BD19E6F1BCB7E1ABB86ECC421D9C503B9"
deps_digest = "F8BBB0CCB2491CA29A3DF03D6F92277A4F3574266507ACD77214D37ECA3F3082"
dependencies = [
  { id = "Sui", name = "Sui" },
]

[[move.package]]
id = "MoveStdlib"
source = { git = "https://github.com/MystenLabs/sui.git", rev = "framework/testnet", subdir = "crates/sui-framework/packages/move-stdlib" }

[[move.package]]
id = "Sui"
source = { git = "https://github.com/MystenLabs/sui.git", rev = "framework/testnet", subdir = "crates/sui-framework/packages/sui-framework" }

dependencies = [
  { id = "MoveStdlib", name = "MoveStdlib" },
]

[move.toolchain-version]
compiler-version = "1.44.3"
edition = "2024.beta"
flavor = "sui"

[env]

[env.testnet]
chain-id = "4c78adac"
original-published-id = "0x82f8e2066c60325f111cfe6e73e9a21a72da70c5fcdc5be577a2a90d7d1fd835"
latest-published-id = "0x82f8e2066c60325f111cfe6e73e9a21a72da70c5fcdc5be577a2a90d7d1fd835"
published-version = "1"
